<?xml version="1.0" encoding="utf-8"?>
<Project ToolsVersion="4.0" xmlns="http://schemas.microsoft.com/developer/msbuild/2003">
  <ItemGroup>
    <Filter Include="Common">
      <UniqueIdentifier>0c7d326a-2432-4469-b771-1e4c90035c00</UniqueIdentifier>
    </Filter>
    <Filter Include="Assets">
      <UniqueIdentifier>adde1a49-28f8-472f-bc41-5ca5658400c5</UniqueIdentifier>
      <Extensions>bmp;fbx;gif;jpg;jpeg;tga;tiff;tif;png</Extensions>
    </Filter>
    <Filter Include="Content">
      <UniqueIdentifier>d4ea7138-4404-4c27-b2aa-f01ebda23870</UniqueIdentifier>
    </Filter>
    <ClInclude Include="Common\DirectXHelper.h">
      <Filter>Common</Filter>
    </ClInclude>
    <ClInclude Include="Common\StepTimer.h">
      <Filter>Common</Filter>
    </ClInclude>
    <ClInclude Include="Common\DeviceResources.h">
      <Filter>Common</Filter>
    </ClInclude>
    <ClCompile Include="Common\DeviceResources.cpp">
      <Filter>Common</Filter>
    </ClCompile>
    <Image Include="Assets\LockScreenLogo.scale-200.png">
      <Filter>Assets</Filter>
    </Image>
    <Image Include="Assets\SplashScreen.scale-200.png">
      <Filter>Assets</Filter>
    </Image>
    <Image Include="Assets\Square150x150Logo.scale-200.png">
      <Filter>Assets</Filter>
    </Image>
    <Image Include="Assets\Square44x44Logo.scale-200.png">
      <Filter>Assets</Filter>
    </Image>
    <Image Include="Assets\Square44x44Logo.targetsize-24_altform-unplated.png">
      <Filter>Assets</Filter>
    </Image>
    <Image Include="Assets\Wide310x150Logo.scale-200.png">
      <Filter>Assets</Filter>
    </Image>
    <Filter Include="D2D1">
      <UniqueIdentifier>{dc5b3fd7-e656-46ef-99de-1648da5fe972}</UniqueIdentifier>
    </Filter>
  </ItemGroup>
  <ItemGroup>
    <ClCompile Include="App.cpp" />
    <ClCompile Include="KleinianGroupsMain.cpp" />
    <ClCompile Include="pch.cpp" />
    <ClCompile Include="Content\gv_Scene3D.cpp">
      <Filter>Content</Filter>
    </ClCompile>
    <ClCompile Include="Content\McMullen.cpp">
      <Filter>Content</Filter>
    </ClCompile>
    <ClCompile Include="Content\cx.cpp">
      <Filter>Content</Filter>
    </ClCompile>
    <ClCompile Include="D2D1\gv_HUD.cpp">
      <Filter>D2D1</Filter>
    </ClCompile>
  </ItemGroup>
  <ItemGroup>
    <ClInclude Include="App.h" />
    <ClInclude Include="KleinianGroupsMain.h" />
    <ClInclude Include="pch.h" />
    <ClInclude Include="Content\MoTran.h">
      <Filter>Content</Filter>
    </ClInclude>
    <ClInclude Include="Content\gv_Scene3D.h">
      <Filter>Content</Filter>
    </ClInclude>
    <ClInclude Include="Content\cx.h">
      <Filter>Content</Filter>
    </ClInclude>
    <ClInclude Include="D2D1\gv_HUD.h">
      <Filter>D2D1</Filter>
    </ClInclude>
  </ItemGroup>
  <ItemGroup>
    <Image Include="Assets\StoreLogo.png">
      <Filter>Assets</Filter>
    </Image>
    <Image Include="Assets\afmobius__650_x_650.png">
      <Filter>Assets</Filter>
    </Image>
  </ItemGroup>
  <ItemGroup>
    <AppxManifest Include="Package.appxmanifest" />
  </ItemGroup>
  <ItemGroup>
    <None Include="KleinianGroups_TemporaryKey.pfx" />
    <None Include="packages.config" />
  </ItemGroup>
  <ItemGroup>
    <FxCompile Include="Content\ghv_Instancing_PixelShader.hlsl">
      <Filter>Content</Filter>
    </FxCompile>
    <FxCompile Include="Content\ghv_Instancing_VertexShader.hlsl">
      <Filter>Content</Filter>
    </FxCompile>
  </ItemGroup>
</Project>